
Microsoft Visual Studio Solution File, Format Version 12.00
# Visual Studio 15
VisualStudioVersion = 15.0.28010.2046
MinimumVisualStudioVersion = 10.0.40219.1
Project("{9A19103F-16F7-4668-BE54-9A1E7A4F7556}") = "DVOpenHackProj", "DVOpenHackProj\DVOpenHackProj.csproj", "{AB23C172-0BE2-4032-B88F-8E94EE07D9E1}"
EndProject
Global
	GlobalSection(SolutionConfigurationPlatforms) = preSolution
		Debug|Any CPU = Debug|Any CPU
		Release|Any CPU = Release|Any CPU
	EndGlobalSection
	GlobalSection(ProjectConfigurationPlatforms) = postSolution
		{AB23C172-0BE2-4032-B88F-8E94EE07D9E1}.Debug|Any CPU.ActiveCfg = Debug|Any CPU
		{AB23C172-0BE2-4032-B88F-8E94EE07D9E1}.Debug|Any CPU.Build.0 = Debug|Any CPU
		{AB23C172-0BE2-4032-B88F-8E94EE07D9E1}.Release|Any CPU.ActiveCfg = Release|Any CPU
		{AB23C172-0BE2-4032-B88F-8E94EE07D9E1}.Release|Any CPU.Build.0 = Release|Any CPU
	EndGlobalSection
	GlobalSection(SolutionProperties) = preSolution
		HideSolutionNode = FALSE
	EndGlobalSection
	GlobalSection(ExtensibilityGlobals) = postSolution
		SolutionGuid = {3A268BCB-30C5-4BE4-A17B-3D79B636B25F}
	EndGlobalSection
EndGlobal
